// !$*UTF8*$!
{
	archiveVersion = 1;
	classes = {
	};
	objectVersion = 50;
	objects = {

/* Begin PBXContainerItemProxy section */
		7FC916402333E805001CC7C7 /* PBXContainerItemProxy */ = {
			isa = PBXContainerItemProxy;
			containerPortal = 7FC916232333E804001CC7C7 /* Project object */;
			proxyType = 1;
			remoteGlobalIDString = 7FC9162A2333E804001CC7C7;
			remoteInfo = MarkeyCancer;
		};
		7FC9164B2333E805001CC7C7 /* PBXContainerItemProxy */ = {
			isa = PBXContainerItemProxy;
			containerPortal = 7FC916232333E804001CC7C7 /* Project object */;
			proxyType = 1;
			remoteGlobalIDString = 7FC9162A2333E804001CC7C7;
			remoteInfo = MarkeyCancer;
		};
/* End PBXContainerItemProxy section */

/* Begin PBXFileReference section */
		7FC9162B2333E804001CC7C7 /* MarkeyCancer.app */ = {isa = PBXFileReference; explicitFileType = wrapper.application; includeInIndex = 0; name = MarkeyCancer.app; path = "/Users/csba246/Desktop/MarkeyCancer/build/Debug-iphoneos/MarkeyCancer.app"; sourceTree = "<absolute>"; };
		7FC9163F2333E805001CC7C7 /* MarkeyCancerTests.xctest */ = {isa = PBXFileReference; explicitFileType = wrapper.cfbundle; includeInIndex = 0; name = MarkeyCancerTests.xctest; path = "/Users/csba246/Desktop/MarkeyCancer/build/Debug-iphoneos/MarkeyCancerTests.xctest"; sourceTree = "<absolute>"; };
		7FC9164A2333E805001CC7C7 /* MarkeyCancerUITests.xctest */ = {isa = PBXFileReference; explicitFileType = wrapper.cfbundle; includeInIndex = 0; name = MarkeyCancerUITests.xctest; path = "/Users/csba246/Desktop/MarkeyCancer/build/Debug-iphoneos/MarkeyCancerUITests.xctest"; sourceTree = "<absolute>"; };
/* End PBXFileReference section */

/* Begin PBXFrameworksBuildPhase section */
		7FC916282333E804001CC7C7 /* Frameworks */ = {
			isa = PBXFrameworksBuildPhase;
			buildActionMask = 2147483647;
			files = (
			);
			runOnlyForDeploymentPostprocessing = 0;
		};
		7FC9163C2333E805001CC7C7 /* Frameworks */ = {
			isa = PBXFrameworksBuildPhase;
			buildActionMask = 2147483647;
			files = (
			);
			runOnlyForDeploymentPostprocessing = 0;
		};
		7FC916472333E805001CC7C7 /* Frameworks */ = {
			isa = PBXFrameworksBuildPhase;
			buildActionMask = 2147483647;
			files = (
			);
			runOnlyForDeploymentPostprocessing = 0;
		};
/* End PBXFrameworksBuildPhase section */

/* Begin PBXGroup section */
		7FC916222333E804001CC7C7 = {
			isa = PBXGroup;
			children = (
			);
			sourceTree = "<group>";
		};
/* End PBXGroup section */

/* Begin PBXNativeTarget section */
		7FC9162A2333E804001CC7C7 /* MarkeyCancer */ = {
			isa = PBXNativeTarget;
			buildConfigurationList = 7FC916532333E805001CC7C7 /* Build configuration list for PBXNativeTarget "MarkeyCancer" */;
			buildPhases = (
				7FC916272333E804001CC7C7 /* Sources */,
				7FC916282333E804001CC7C7 /* Frameworks */,
				7FC916292333E804001CC7C7 /* Resources */,
			);
			buildRules = (
			);
			dependencies = (
			);
			name = MarkeyCancer;
			productName = MarkeyCancer;
			productReference = 7FC9162B2333E804001CC7C7 /* MarkeyCancer.app */;
			productType = "com.apple.product-type.application";
		};
		7FC9163E2333E805001CC7C7 /* MarkeyCancerTests */ = {
			isa = PBXNativeTarget;
			buildConfigurationList = 7FC916562333E805001CC7C7 /* Build configuration list for PBXNativeTarget "MarkeyCancerTests" */;
			buildPhases = (
				7FC9163B2333E805001CC7C7 /* Sources */,
				7FC9163C2333E805001CC7C7 /* Frameworks */,
				7FC9163D2333E805001CC7C7 /* Resources */,
			);
			buildRules = (
			);
			dependencies = (
				7FC916412333E805001CC7C7 /* PBXTargetDependency */,
			);
			name = MarkeyCancerTests;
			productName = MarkeyCancerTests;
			productReference = 7FC9163F2333E805001CC7C7 /* MarkeyCancerTests.xctest */;
			productType = "com.apple.product-type.bundle.unit-test";
		};
		7FC916492333E805001CC7C7 /* MarkeyCancerUITests */ = {
			isa = PBXNativeTarget;
			buildConfigurationList = 7FC916592333E805001CC7C7 /* Build configuration list for PBXNativeTarget "MarkeyCancerUITests" */;
			buildPhases = (
				7FC916462333E805001CC7C7 /* Sources */,
				7FC916472333E805001CC7C7 /* Frameworks */,
				7FC916482333E805001CC7C7 /* Resources */,
			);
			buildRules = (
			);
			dependencies = (
				7FC9164C2333E805001CC7C7 /* PBXTargetDependency */,
			);
			name = MarkeyCancerUITests;
			productName = MarkeyCancerUITests;
			productReference = 7FC9164A2333E805001CC7C7 /* MarkeyCancerUITests.xctest */;
			productType = "com.apple.product-type.bundle.ui-testing";
		};
/* End PBXNativeTarget section */

/* Begin PBXProject section */
		7FC916232333E804001CC7C7 /* Project object */ = {
			isa = PBXProject;
			attributes = {
				LastSwiftUpdateCheck = 1030;
				LastUpgradeCheck = 1030;
				ORGANIZATIONNAME = "Markey Cancer";
				TargetAttributes = {
					7FC9162A2333E804001CC7C7 = {
						CreatedOnToolsVersion = 10.3;
					};
					7FC9163E2333E805001CC7C7 = {
						CreatedOnToolsVersion = 10.3;
						TestTargetID = 7FC9162A2333E804001CC7C7;
					};
					7FC916492333E805001CC7C7 = {
						CreatedOnToolsVersion = 10.3;
						TestTargetID = 7FC9162A2333E804001CC7C7;
					};
				};
			};
			buildConfigurationList = 7FC916262333E804001CC7C7 /* Build configuration list for PBXProject "MarkeyCancer" */;
			compatibilityVersion = "Xcode 9.3";
			developmentRegion = en;
			hasScannedForEncodings = 0;
			knownRegions = (
				en,
				Base,
			);
			mainGroup = 7FC916222333E804001CC7C7;
			productRefGroup = 7FC916222333E804001CC7C7;
			projectDirPath = "";
			projectRoot = "";
			targets = (
				7FC9162A2333E804001CC7C7 /* MarkeyCancer */,
				7FC9163E2333E805001CC7C7 /* MarkeyCancerTests */,
				7FC916492333E805001CC7C7 /* MarkeyCancerUITests */,
			);
		};
/* End PBXProject section */

/* Begin PBXResourcesBuildPhase section */
		7FC916292333E804001CC7C7 /* Resources */ = {
			isa = PBXResourcesBuildPhase;
			buildActionMask = 2147483647;
			files = (
			);
			runOnlyForDeploymentPostprocessing = 0;
		};
		7FC9163D2333E805001CC7C7 /* Resources */ = {
			isa = PBXResourcesBuildPhase;
			buildActionMask = 2147483647;
			files = (
			);
			runOnlyForDeploymentPostprocessing = 0;
		};
		7FC916482333E805001CC7C7 /* Resources */ = {
			isa = PBXResourcesBuildPhase;
			buildActionMask = 2147483647;
			files = (
			);
			runOnlyForDeploymentPostprocessing = 0;
		};
/* End PBXResourcesBuildPhase section */

/* Begin PBXSourcesBuildPhase section */
		7FC916272333E804001CC7C7 /* Sources */ = {
			isa = PBXSourcesBuildPhase;
			buildActionMask = 2147483647;
			files = (
			);
			runOnlyForDeploymentPostprocessing = 0;
		};
		7FC9163B2333E805001CC7C7 /* Sources */ = {
			isa = PBXSourcesBuildPhase;
			buildActionMask = 2147483647;
			files = (
			);
			runOnlyForDeploymentPostprocessing = 0;
		};
		7FC916462333E805001CC7C7 /* Sources */ = {
			isa = PBXSourcesBuildPhase;
			buildActionMask = 2147483647;
			files = (
			);
			runOnlyForDeploymentPostprocessing = 0;
		};
/* End PBXSourcesBuildPhase section */

/* Begin PBXTargetDependency section */
		7FC916412333E805001CC7C7 /* PBXTargetDependency */ = {
			isa = PBXTargetDependency;
			target = 7FC9162A2333E804001CC7C7 /* MarkeyCancer */;
			targetProxy = 7FC916402333E805001CC7C7 /* PBXContainerItemProxy */;
		};
		7FC9164C2333E805001CC7C7 /* PBXTargetDependency */ = {
			isa = PBXTargetDependency;
			target = 7FC9162A2333E804001CC7C7 /* MarkeyCancer */;
			targetProxy = 7FC9164B2333E805001CC7C7 /* PBXContainerItemProxy */;
		};
/* End PBXTargetDependency section */

/* Begin XCBuildConfiguration section */
		7FC916512333E805001CC7C7 /* Debug */ = {
			isa = XCBuildConfiguration;
			buildSettings = {
				ALWAYS_SEARCH_USER_PATHS = NO;
				CLANG_ANALYZER_NONNULL = YES;
				CLANG_ANALYZER_NUMBER_OBJECT_CONVERSION = YES_AGGRESSIVE;
				CLANG_CXX_LANGUAGE_STANDARD = "gnu++14";
				CLANG_CXX_LIBRARY = "libc++";
				CLANG_ENABLE_MODULES = YES;
				CLANG_ENABLE_OBJC_ARC = YES;
				CLANG_ENABLE_OBJC_WEAK = YES;
				CLANG_WARN_BLOCK_CAPTURE_AUTORELEASING = YES;
				CLANG_WARN_BOOL_CONVERSION = YES;
				CLANG_WARN_COMMA = YES;
				CLANG_WARN_CONSTANT_CONVERSION = YES;
				CLANG_WARN_DEPRECATED_OBJC_IMPLEMENTATIONS = YES;
				CLANG_WARN_DIRECT_OBJC_ISA_USAGE = YES_ERROR;
				CLANG_WARN_DOCUMENTATION_COMMENTS = YES;
				CLANG_WARN_EMPTY_BODY = YES;
				CLANG_WARN_ENUM_CONVERSION = YES;
				CLANG_WARN_INFINITE_RECURSION = YES;
				CLANG_WARN_INT_CONVERSION = YES;
				CLANG_WARN_NON_LITERAL_NULL_CONVERSION = YES;
				CLANG_WARN_OBJC_IMPLICIT_RETAIN_SELF = YES;
				CLANG_WARN_OBJC_LITERAL_CONVERSION = YES;
				CLANG_WARN_OBJC_ROOT_CLASS = YES_ERROR;
				CLANG_WARN_RANGE_LOOP_ANALYSIS = YES;
				CLANG_WARN_STRICT_PROTOTYPES = YES;
				CLANG_WARN_SUSPICIOUS_MOVE = YES;
				CLANG_WARN_UNGUARDED_AVAILABILITY = YES_AGGRESSIVE;
				CLANG_WARN_UNREACHABLE_CODE = YES;
				CLANG_WARN__DUPLICATE_METHOD_MATCH = YES;
				CODE_SIGN_IDENTITY = "iPhone Developer";
				COPY_PHASE_STRIP = NO;
				DEBUG_INFORMATION_FORMAT = dwarf;
				ENABLE_STRICT_OBJC_MSGSEND = YES;
				ENABLE_TESTABILITY = YES;
				GCC_C_LANGUAGE_STANDARD = gnu11;
				GCC_DYNAMIC_NO_PIC = NO;
				GCC_NO_COMMON_BLOCKS = YES;
				GCC_OPTIMIZATION_LEVEL = 0;
				GCC_PREPROCESSOR_DEFINITIONS = (
					"DEBUG=1",
					"$(inherited)",
				);
				GCC_WARN_64_TO_32_BIT_CONVERSION = YES;
				GCC_WARN_ABOUT_RETURN_TYPE = YES_ERROR;
				GCC_WARN_UNDECLARED_SELECTOR = YES;
				GCC_WARN_UNINITIALIZED_AUTOS = YES_AGGRESSIVE;
				GCC_WARN_UNUSED_FUNCTION = YES;
				GCC_WARN_UNUSED_VARIABLE = YES;
				IPHONEOS_DEPLOYMENT_TARGET = 12.4;
				MTL_ENABLE_DEBUG_INFO = INCLUDE_SOURCE;
				MTL_FAST_MATH = YES;
				ONLY_ACTIVE_ARCH = YES;
				SDKROOT = iphoneos;
				SWIFT_ACTIVE_COMPILATION_CONDITIONS = DEBUG;
				SWIFT_OPTIMIZATION_LEVEL = "-Onone";
			};
			name = Debug;
		};
		7FC916522333E805001CC7C7 /* Release */ = {
			isa = XCBuildConfiguration;
			buildSettings = {
				ALWAYS_SEARCH_USER_PATHS = NO;
				CLANG_ANALYZER_NONNULL = YES;
				CLANG_ANALYZER_NUMBER_OBJECT_CONVERSION = YES_AGGRESSIVE;
				CLANG_CXX_LANGUAGE_STANDARD = "gnu++14";
				CLANG_CXX_LIBRARY = "libc++";
				CLANG_ENABLE_MODULES = YES;
				CLANG_ENABLE_OBJC_ARC = YES;
				CLANG_ENABLE_OBJC_WEAK = YES;
				CLANG_WARN_BLOCK_CAPTURE_AUTORELEASING = YES;
				CLANG_WARN_BOOL_CONVERSION = YES;
				CLANG_WARN_COMMA = YES;
				CLANG_WARN_CONSTANT_CONVERSION = YES;
				CLANG_WARN_DEPRECATED_OBJC_IMPLEMENTATIONS = YES;
				CLANG_WARN_DIRECT_OBJC_ISA_USAGE = YES_ERROR;
				CLANG_WARN_DOCUMENTATION_COMMENTS = YES;
				CLANG_WARN_EMPTY_BODY = YES;
				CLANG_WARN_ENUM_CONVERSION = YES;
				CLANG_WARN_INFINITE_RECURSION = YES;
				CLANG_WARN_INT_CONVERSION = YES;
				CLANG_WARN_NON_LITERAL_NULL_CONVERSION = YES;
				CLANG_WARN_OBJC_IMPLICIT_RETAIN_SELF = YES;
				CLANG_WARN_OBJC_LITERAL_CONVERSION = YES;
				CLANG_WARN_OBJC_ROOT_CLASS = YES_ERROR;
				CLANG_WARN_RANGE_LOOP_ANALYSIS = YES;
				CLANG_WARN_STRICT_PROTOTYPES = YES;
				CLANG_WARN_SUSPICIOUS_MOVE = YES;
				CLANG_WARN_UNGUARDED_AVAILABILITY = YES_AGGRESSIVE;
				CLANG_WARN_UNREACHABLE_CODE = YES;
				CLANG_WARN__DUPLICATE_METHOD_MATCH = YES;
				CODE_SIGN_IDENTITY = "iPhone Developer";
				COPY_PHASE_STRIP = NO;
				DEBUG_INFORMATION_FORMAT = "dwarf-with-dsym";
				ENABLE_NS_ASSERTIONS = NO;
				ENABLE_STRICT_OBJC_MSGSEND = YES;
				GCC_C_LANGUAGE_STANDARD = gnu11;
				GCC_NO_COMMON_BLOCKS = YES;
				GCC_WARN_64_TO_32_BIT_CONVERSION = YES;
				GCC_WARN_ABOUT_RETURN_TYPE = YES_ERROR;
				GCC_WARN_UNDECLARED_SELECTOR = YES;
				GCC_WARN_UNINITIALIZED_AUTOS = YES_AGGRESSIVE;
				GCC_WARN_UNUSED_FUNCTION = YES;
				GCC_WARN_UNUSED_VARIABLE = YES;
				IPHONEOS_DEPLOYMENT_TARGET = 12.4;
				MTL_ENABLE_DEBUG_INFO = NO;
				MTL_FAST_MATH = YES;
				SDKROOT = iphoneos;
				SWIFT_COMPILATION_MODE = wholemodule;
				SWIFT_OPTIMIZATION_LEVEL = "-O";
				VALIDATE_PRODUCT = YES;
			};
			name = Release;
		};
		7FC916542333E805001CC7C7 /* Debug */ = {
			isa = XCBuildConfiguration;
			buildSettings = {
				ASSETCATALOG_COMPILER_APPICON_NAME = AppIcon;
				CODE_SIGN_STYLE = Automatic;
				DEVELOPMENT_TEAM = BH9BS3QV7C;
				INFOPLIST_FILE = MarkeyCancer/Info.plist;
				LD_RUNPATH_SEARCH_PATHS = (
					"$(inherited)",
					"@executable_path/Frameworks",
				);
				PRODUCT_BUNDLE_IDENTIFIER = MarkeyCancer.MarkeyCancer;
				PRODUCT_NAME = "$(TARGET_NAME)";
				SWIFT_VERSION = 5.0;
				TARGETED_DEVICE_FAMILY = "1,2";
			};
			name = Debug;
		};
		7FC916552333E805001CC7C7 /* Release */ = {
			isa = XCBuildConfiguration;
			buildSettings = {
				ASSETCATALOG_COMPILER_APPICON_NAME = AppIcon;
				CODE_SIGN_STYLE = Automatic;
				DEVELOPMENT_TEAM = BH9BS3QV7C;
				INFOPLIST_FILE = MarkeyCancer/Info.plist;
				LD_RUNPATH_SEARCH_PATHS = (
					"$(inherited)",
					"@executable_path/Frameworks",
				);
				PRODUCT_BUNDLE_IDENTIFIER = MarkeyCancer.MarkeyCancer;
				PRODUCT_NAME = "$(TARGET_NAME)";
				SWIFT_VERSION = 5.0;
				TARGETED_DEVICE_FAMILY = "1,2";
			};
			name = Release;
		};
		7FC916572333E805001CC7C7 /* Debug */ = {
			isa = XCBuildConfiguration;
			buildSettings = {
				BUNDLE_LOADER = "$(TEST_HOST)";
				CODE_SIGN_STYLE = Automatic;
				INFOPLIST_FILE = MarkeyCancerTests/Info.plist;
				LD_RUNPATH_SEARCH_PATHS = (
					"$(inherited)",
					"@executable_path/Frameworks",
					"@loader_path/Frameworks",
				);
				PRODUCT_BUNDLE_IDENTIFIER = MarkeyCancer.MarkeyCancerTests;
				PRODUCT_NAME = "$(TARGET_NAME)";
				SWIFT_VERSION = 5.0;
				TARGETED_DEVICE_FAMILY = "1,2";
				TEST_HOST = "$(BUILT_PRODUCTS_DIR)/MarkeyCancer.app/MarkeyCancer";
			};
			name = Debug;
		};
		7FC916582333E805001CC7C7 /* Release */ = {
			isa = XCBuildConfiguration;
			buildSettings = {
				BUNDLE_LOADER = "$(TEST_HOST)";
				CODE_SIGN_STYLE = Automatic;
				INFOPLIST_FILE = MarkeyCancerTests/Info.plist;
				LD_RUNPATH_SEARCH_PATHS = (
					"$(inherited)",
					"@executable_path/Frameworks",
					"@loader_path/Frameworks",
				);
				PRODUCT_BUNDLE_IDENTIFIER = MarkeyCancer.MarkeyCancerTests;
				PRODUCT_NAME = "$(TARGET_NAME)";
				SWIFT_VERSION = 5.0;
				TARGETED_DEVICE_FAMILY = "1,2";
				TEST_HOST = "$(BUILT_PRODUCTS_DIR)/MarkeyCancer.app/MarkeyCancer";
			};
			name = Release;
		};
		7FC9165A2333E805001CC7C7 /* Debug */ = {
			isa = XCBuildConfiguration;
			buildSettings = {
				CODE_SIGN_STYLE = Automatic;
				INFOPLIST_FILE = MarkeyCancerUITests/Info.plist;
				LD_RUNPATH_SEARCH_PATHS = (
					"$(inherited)",
					"@executable_path/Frameworks",
					"@loader_path/Frameworks",
				);
				PRODUCT_BUNDLE_IDENTIFIER = MarkeyCancer.MarkeyCancerUITests;
				PRODUCT_NAME = "$(TARGET_NAME)";
				SWIFT_VERSION = 5.0;
				TARGETED_DEVICE_FAMILY = "1,2";
				TEST_TARGET_NAME = MarkeyCancer;
			};
			name = Debug;
		};
		7FC9165B2333E805001CC7C7 /* Release */ = {
			isa = XCBuildConfiguration;
			buildSettings = {
				CODE_SIGN_STYLE = Automatic;
				INFOPLIST_FILE = MarkeyCancerUITests/Info.plist;
				LD_RUNPATH_SEARCH_PATHS = (
					"$(inherited)",
					"@executable_path/Frameworks",
					"@loader_path/Frameworks",
				);
				PRODUCT_BUNDLE_IDENTIFIER = MarkeyCancer.MarkeyCancerUITests;
				PRODUCT_NAME = "$(TARGET_NAME)";
				SWIFT_VERSION = 5.0;
				TARGETED_DEVICE_FAMILY = "1,2";
				TEST_TARGET_NAME = MarkeyCancer;
			};
			name = Release;
		};
/* End XCBuildConfiguration section */

/* Begin XCConfigurationList section */
		7FC916262333E804001CC7C7 /* Build configuration list for PBXProject "MarkeyCancer" */ = {
			isa = XCConfigurationList;
			buildConfigurations = (
				7FC916512333E805001CC7C7 /* Debug */,
				7FC916522333E805001CC7C7 /* Release */,
			);
			defaultConfigurationIsVisible = 0;
			defaultConfigurationName = Release;
		};
		7FC916532333E805001CC7C7 /* Build configuration list for PBXNativeTarget "MarkeyCancer" */ = {
			isa = XCConfigurationList;
			buildConfigurations = (
				7FC916542333E805001CC7C7 /* Debug */,
				7FC916552333E805001CC7C7 /* Release */,
			);
			defaultConfigurationIsVisible = 0;
			defaultConfigurationName = Release;
		};
		7FC916562333E805001CC7C7 /* Build configuration list for PBXNativeTarget "MarkeyCancerTests" */ = {
			isa = XCConfigurationList;
			buildConfigurations = (
				7FC916572333E805001CC7C7 /* Debug */,
				7FC916582333E805001CC7C7 /* Release */,
			);
			defaultConfigurationIsVisible = 0;
			defaultConfigurationName = Release;
		};
		7FC916592333E805001CC7C7 /* Build configuration list for PBXNativeTarget "MarkeyCancerUITests" */ = {
			isa = XCConfigurationList;
			buildConfigurations = (
				7FC9165A2333E805001CC7C7 /* Debug */,
				7FC9165B2333E805001CC7C7 /* Release */,
			);
			defaultConfigurationIsVisible = 0;
			defaultConfigurationName = Release;
		};
/* End XCConfigurationList section */
	};
	rootObject = 7FC916232333E804001CC7C7 /* Project object */;
}
