// !$*UTF8*$!
{
	archiveVersion = 1;
	classes = {
	};
	objectVersion = 50;
	objects = {

/* Begin PBXBuildFile section */
		7FC916692333EDD3001CC7C7 /* AppDelegate.swift in Sources */ = {isa = PBXBuildFile; fileRef = 7FC916682333EDD3001CC7C7 /* AppDelegate.swift */; };
		7FC9166B2333EDD3001CC7C7 /* ViewController.swift in Sources */ = {isa = PBXBuildFile; fileRef = 7FC9166A2333EDD3001CC7C7 /* ViewController.swift */; };
		7FC9166E2333EDD3001CC7C7 /* Main.storyboard in Resources */ = {isa = PBXBuildFile; fileRef = 7FC9166C2333EDD3001CC7C7 /* Main.storyboard */; };
		7FC916712333EDD3001CC7C7 /* MarkeyCancerApp.xcdatamodeld in Sources */ = {isa = PBXBuildFile; fileRef = 7FC9166F2333EDD3001CC7C7 /* MarkeyCancerApp.xcdatamodeld */; };
		7FC916732333EDD3001CC7C7 /* Assets.xcassets in Resources */ = {isa = PBXBuildFile; fileRef = 7FC916722333EDD3001CC7C7 /* Assets.xcassets */; };
		7FC916762333EDD3001CC7C7 /* LaunchScreen.storyboard in Resources */ = {isa = PBXBuildFile; fileRef = 7FC916742333EDD3001CC7C7 /* LaunchScreen.storyboard */; };
		7FC916812333EDD3001CC7C7 /* MarkeyCancerAppTests.swift in Sources */ = {isa = PBXBuildFile; fileRef = 7FC916802333EDD3001CC7C7 /* MarkeyCancerAppTests.swift */; };
		7FC9168C2333EDD3001CC7C7 /* MarkeyCancerAppUITests.swift in Sources */ = {isa = PBXBuildFile; fileRef = 7FC9168B2333EDD3001CC7C7 /* MarkeyCancerAppUITests.swift */; };
/* End PBXBuildFile section */

/* Begin PBXContainerItemProxy section */
		7FC9167D2333EDD3001CC7C7 /* PBXContainerItemProxy */ = {
			isa = PBXContainerItemProxy;
			containerPortal = 7FC9165D2333EDD3001CC7C7 /* Project object */;
			proxyType = 1;
			remoteGlobalIDString = 7FC916642333EDD3001CC7C7;
			remoteInfo = MarkeyCancerApp;
		};
		7FC916882333EDD3001CC7C7 /* PBXContainerItemProxy */ = {
			isa = PBXContainerItemProxy;
			containerPortal = 7FC9165D2333EDD3001CC7C7 /* Project object */;
			proxyType = 1;
			remoteGlobalIDString = 7FC916642333EDD3001CC7C7;
			remoteInfo = MarkeyCancerApp;
		};
/* End PBXContainerItemProxy section */

/* Begin PBXFileReference section */
		7FC916652333EDD3001CC7C7 /* MarkeyCancerApp.app */ = {isa = PBXFileReference; explicitFileType = wrapper.application; includeInIndex = 0; path = MarkeyCancerApp.app; sourceTree = BUILT_PRODUCTS_DIR; };
		7FC916682333EDD3001CC7C7 /* AppDelegate.swift */ = {isa = PBXFileReference; lastKnownFileType = sourcecode.swift; path = AppDelegate.swift; sourceTree = "<group>"; };
		7FC9166A2333EDD3001CC7C7 /* ViewController.swift */ = {isa = PBXFileReference; lastKnownFileType = sourcecode.swift; path = ViewController.swift; sourceTree = "<group>"; };
		7FC9166D2333EDD3001CC7C7 /* Base */ = {isa = PBXFileReference; lastKnownFileType = file.storyboard; name = Base; path = Base.lproj/Main.storyboard; sourceTree = "<group>"; };
		7FC916702333EDD3001CC7C7 /* MarkeyCancerApp.xcdatamodel */ = {isa = PBXFileReference; lastKnownFileType = wrapper.xcdatamodel; path = MarkeyCancerApp.xcdatamodel; sourceTree = "<group>"; };
		7FC916722333EDD3001CC7C7 /* Assets.xcassets */ = {isa = PBXFileReference; lastKnownFileType = folder.assetcatalog; path = Assets.xcassets; sourceTree = "<group>"; };
		7FC916752333EDD3001CC7C7 /* Base */ = {isa = PBXFileReference; lastKnownFileType = file.storyboard; name = Base; path = Base.lproj/LaunchScreen.storyboard; sourceTree = "<group>"; };
		7FC916772333EDD3001CC7C7 /* Info.plist */ = {isa = PBXFileReference; lastKnownFileType = text.plist.xml; path = Info.plist; sourceTree = "<group>"; };
		7FC9167C2333EDD3001CC7C7 /* MarkeyCancerAppTests.xctest */ = {isa = PBXFileReference; explicitFileType = wrapper.cfbundle; includeInIndex = 0; path = MarkeyCancerAppTests.xctest; sourceTree = BUILT_PRODUCTS_DIR; };
		7FC916802333EDD3001CC7C7 /* MarkeyCancerAppTests.swift */ = {isa = PBXFileReference; lastKnownFileType = sourcecode.swift; path = MarkeyCancerAppTests.swift; sourceTree = "<group>"; };
		7FC916822333EDD3001CC7C7 /* Info.plist */ = {isa = PBXFileReference; lastKnownFileType = text.plist.xml; path = Info.plist; sourceTree = "<group>"; };
		7FC916872333EDD3001CC7C7 /* MarkeyCancerAppUITests.xctest */ = {isa = PBXFileReference; explicitFileType = wrapper.cfbundle; includeInIndex = 0; path = MarkeyCancerAppUITests.xctest; sourceTree = BUILT_PRODUCTS_DIR; };
		7FC9168B2333EDD3001CC7C7 /* MarkeyCancerAppUITests.swift */ = {isa = PBXFileReference; lastKnownFileType = sourcecode.swift; path = MarkeyCancerAppUITests.swift; sourceTree = "<group>"; };
		7FC9168D2333EDD3001CC7C7 /* Info.plist */ = {isa = PBXFileReference; lastKnownFileType = text.plist.xml; path = Info.plist; sourceTree = "<group>"; };
/* End PBXFileReference section */

/* Begin PBXFrameworksBuildPhase section */
		7FC916622333EDD3001CC7C7 /* Frameworks */ = {
			isa = PBXFrameworksBuildPhase;
			buildActionMask = 2147483647;
			files = (
			);
			runOnlyForDeploymentPostprocessing = 0;
		};
		7FC916792333EDD3001CC7C7 /* Frameworks */ = {
			isa = PBXFrameworksBuildPhase;
			buildActionMask = 2147483647;
			files = (
			);
			runOnlyForDeploymentPostprocessing = 0;
		};
		7FC916842333EDD3001CC7C7 /* Frameworks */ = {
			isa = PBXFrameworksBuildPhase;
			buildActionMask = 2147483647;
			files = (
			);
			runOnlyForDeploymentPostprocessing = 0;
		};
/* End PBXFrameworksBuildPhase section */

/* Begin PBXGroup section */
		7FC9165C2333EDD3001CC7C7 = {
			isa = PBXGroup;
			children = (
				7FC916672333EDD3001CC7C7 /* MarkeyCancerApp */,
				7FC9167F2333EDD3001CC7C7 /* MarkeyCancerAppTests */,
				7FC9168A2333EDD3001CC7C7 /* MarkeyCancerAppUITests */,
				7FC916662333EDD3001CC7C7 /* Products */,
			);
			sourceTree = "<group>";
		};
		7FC916662333EDD3001CC7C7 /* Products */ = {
			isa = PBXGroup;
			children = (
				7FC916652333EDD3001CC7C7 /* MarkeyCancerApp.app */,
				7FC9167C2333EDD3001CC7C7 /* MarkeyCancerAppTests.xctest */,
				7FC916872333EDD3001CC7C7 /* MarkeyCancerAppUITests.xctest */,
			);
			name = Products;
			sourceTree = "<group>";
		};
		7FC916672333EDD3001CC7C7 /* MarkeyCancerApp */ = {
			isa = PBXGroup;
			children = (
				7FC916682333EDD3001CC7C7 /* AppDelegate.swift */,
				7FC9166A2333EDD3001CC7C7 /* ViewController.swift */,
				7FC9166C2333EDD3001CC7C7 /* Main.storyboard */,
				7FC916722333EDD3001CC7C7 /* Assets.xcassets */,
				7FC916742333EDD3001CC7C7 /* LaunchScreen.storyboard */,
				7FC916772333EDD3001CC7C7 /* Info.plist */,
				7FC9166F2333EDD3001CC7C7 /* MarkeyCancerApp.xcdatamodeld */,
			);
			path = MarkeyCancerApp;
			sourceTree = "<group>";
		};
		7FC9167F2333EDD3001CC7C7 /* MarkeyCancerAppTests */ = {
			isa = PBXGroup;
			children = (
				7FC916802333EDD3001CC7C7 /* MarkeyCancerAppTests.swift */,
				7FC916822333EDD3001CC7C7 /* Info.plist */,
			);
			path = MarkeyCancerAppTests;
			sourceTree = "<group>";
		};
		7FC9168A2333EDD3001CC7C7 /* MarkeyCancerAppUITests */ = {
			isa = PBXGroup;
			children = (
				7FC9168B2333EDD3001CC7C7 /* MarkeyCancerAppUITests.swift */,
				7FC9168D2333EDD3001CC7C7 /* Info.plist */,
			);
			path = MarkeyCancerAppUITests;
			sourceTree = "<group>";
		};
/* End PBXGroup section */

/* Begin PBXNativeTarget section */
		7FC916642333EDD3001CC7C7 /* MarkeyCancerApp */ = {
			isa = PBXNativeTarget;
			buildConfigurationList = 7FC916902333EDD3001CC7C7 /* Build configuration list for PBXNativeTarget "MarkeyCancerApp" */;
			buildPhases = (
				7FC916612333EDD3001CC7C7 /* Sources */,
				7FC916622333EDD3001CC7C7 /* Frameworks */,
				7FC916632333EDD3001CC7C7 /* Resources */,
			);
			buildRules = (
			);
			dependencies = (
			);
			name = MarkeyCancerApp;
			productName = MarkeyCancerApp;
			productReference = 7FC916652333EDD3001CC7C7 /* MarkeyCancerApp.app */;
			productType = "com.apple.product-type.application";
		};
		7FC9167B2333EDD3001CC7C7 /* MarkeyCancerAppTests */ = {
			isa = PBXNativeTarget;
			buildConfigurationList = 7FC916932333EDD3001CC7C7 /* Build configuration list for PBXNativeTarget "MarkeyCancerAppTests" */;
			buildPhases = (
				7FC916782333EDD3001CC7C7 /* Sources */,
				7FC916792333EDD3001CC7C7 /* Frameworks */,
				7FC9167A2333EDD3001CC7C7 /* Resources */,
			);
			buildRules = (
			);
			dependencies = (
				7FC9167E2333EDD3001CC7C7 /* PBXTargetDependency */,
			);
			name = MarkeyCancerAppTests;
			productName = MarkeyCancerAppTests;
			productReference = 7FC9167C2333EDD3001CC7C7 /* MarkeyCancerAppTests.xctest */;
			productType = "com.apple.product-type.bundle.unit-test";
		};
		7FC916862333EDD3001CC7C7 /* MarkeyCancerAppUITests */ = {
			isa = PBXNativeTarget;
			buildConfigurationList = 7FC916962333EDD3001CC7C7 /* Build configuration list for PBXNativeTarget "MarkeyCancerAppUITests" */;
			buildPhases = (
				7FC916832333EDD3001CC7C7 /* Sources */,
				7FC916842333EDD3001CC7C7 /* Frameworks */,
				7FC916852333EDD3001CC7C7 /* Resources */,
			);
			buildRules = (
			);
			dependencies = (
				7FC916892333EDD3001CC7C7 /* PBXTargetDependency */,
			);
			name = MarkeyCancerAppUITests;
			productName = MarkeyCancerAppUITests;
			productReference = 7FC916872333EDD3001CC7C7 /* MarkeyCancerAppUITests.xctest */;
			productType = "com.apple.product-type.bundle.ui-testing";
		};
/* End PBXNativeTarget section */

/* Begin PBXProject section */
		7FC9165D2333EDD3001CC7C7 /* Project object */ = {
			isa = PBXProject;
			attributes = {
				LastSwiftUpdateCheck = 1030;
				LastUpgradeCheck = 1030;
				ORGANIZATIONNAME = "Markey Cancer";
				TargetAttributes = {
					7FC916642333EDD3001CC7C7 = {
						CreatedOnToolsVersion = 10.3;
					};
					7FC9167B2333EDD3001CC7C7 = {
						CreatedOnToolsVersion = 10.3;
						TestTargetID = 7FC916642333EDD3001CC7C7;
					};
					7FC916862333EDD3001CC7C7 = {
						CreatedOnToolsVersion = 10.3;
						TestTargetID = 7FC916642333EDD3001CC7C7;
					};
				};
			};
			buildConfigurationList = 7FC916602333EDD3001CC7C7 /* Build configuration list for PBXProject "MarkeyCancerApp" */;
			compatibilityVersion = "Xcode 9.3";
			developmentRegion = en;
			hasScannedForEncodings = 0;
			knownRegions = (
				en,
				Base,
			);
			mainGroup = 7FC9165C2333EDD3001CC7C7;
			productRefGroup = 7FC916662333EDD3001CC7C7 /* Products */;
			projectDirPath = "";
			projectRoot = "";
			targets = (
				7FC916642333EDD3001CC7C7 /* MarkeyCancerApp */,
				7FC9167B2333EDD3001CC7C7 /* MarkeyCancerAppTests */,
				7FC916862333EDD3001CC7C7 /* MarkeyCancerAppUITests */,
			);
		};
/* End PBXProject section */

/* Begin PBXResourcesBuildPhase section */
		7FC916632333EDD3001CC7C7 /* Resources */ = {
			isa = PBXResourcesBuildPhase;
			buildActionMask = 2147483647;
			files = (
				7FC916762333EDD3001CC7C7 /* LaunchScreen.storyboard in Resources */,
				7FC916732333EDD3001CC7C7 /* Assets.xcassets in Resources */,
				7FC9166E2333EDD3001CC7C7 /* Main.storyboard in Resources */,
			);
			runOnlyForDeploymentPostprocessing = 0;
		};
		7FC9167A2333EDD3001CC7C7 /* Resources */ = {
			isa = PBXResourcesBuildPhase;
			buildActionMask = 2147483647;
			files = (
			);
			runOnlyForDeploymentPostprocessing = 0;
		};
		7FC916852333EDD3001CC7C7 /* Resources */ = {
			isa = PBXResourcesBuildPhase;
			buildActionMask = 2147483647;
			files = (
			);
			runOnlyForDeploymentPostprocessing = 0;
		};
/* End PBXResourcesBuildPhase section */

/* Begin PBXSourcesBuildPhase section */
		7FC916612333EDD3001CC7C7 /* Sources */ = {
			isa = PBXSourcesBuildPhase;
			buildActionMask = 2147483647;
			files = (
				7FC916712333EDD3001CC7C7 /* MarkeyCancerApp.xcdatamodeld in Sources */,
				7FC9166B2333EDD3001CC7C7 /* ViewController.swift in Sources */,
				7FC916692333EDD3001CC7C7 /* AppDelegate.swift in Sources */,
			);
			runOnlyForDeploymentPostprocessing = 0;
		};
		7FC916782333EDD3001CC7C7 /* Sources */ = {
			isa = PBXSourcesBuildPhase;
			buildActionMask = 2147483647;
			files = (
				7FC916812333EDD3001CC7C7 /* MarkeyCancerAppTests.swift in Sources */,
			);
			runOnlyForDeploymentPostprocessing = 0;
		};
		7FC916832333EDD3001CC7C7 /* Sources */ = {
			isa = PBXSourcesBuildPhase;
			buildActionMask = 2147483647;
			files = (
				7FC9168C2333EDD3001CC7C7 /* MarkeyCancerAppUITests.swift in Sources */,
			);
			runOnlyForDeploymentPostprocessing = 0;
		};
/* End PBXSourcesBuildPhase section */

/* Begin PBXTargetDependency section */
		7FC9167E2333EDD3001CC7C7 /* PBXTargetDependency */ = {
			isa = PBXTargetDependency;
			target = 7FC916642333EDD3001CC7C7 /* MarkeyCancerApp */;
			targetProxy = 7FC9167D2333EDD3001CC7C7 /* PBXContainerItemProxy */;
		};
		7FC916892333EDD3001CC7C7 /* PBXTargetDependency */ = {
			isa = PBXTargetDependency;
			target = 7FC916642333EDD3001CC7C7 /* MarkeyCancerApp */;
			targetProxy = 7FC916882333EDD3001CC7C7 /* PBXContainerItemProxy */;
		};
/* End PBXTargetDependency section */

/* Begin PBXVariantGroup section */
		7FC9166C2333EDD3001CC7C7 /* Main.storyboard */ = {
			isa = PBXVariantGroup;
			children = (
				7FC9166D2333EDD3001CC7C7 /* Base */,
			);
			name = Main.storyboard;
			sourceTree = "<group>";
		};
		7FC916742333EDD3001CC7C7 /* LaunchScreen.storyboard */ = {
			isa = PBXVariantGroup;
			children = (
				7FC916752333EDD3001CC7C7 /* Base */,
			);
			name = LaunchScreen.storyboard;
			sourceTree = "<group>";
		};
/* End PBXVariantGroup section */

/* Begin XCBuildConfiguration section */
		7FC9168E2333EDD3001CC7C7 /* Debug */ = {
			isa = XCBuildConfiguration;
			buildSettings = {
				ALWAYS_SEARCH_USER_PATHS = NO;
				CLANG_ANALYZER_NONNULL = YES;
				CLANG_ANALYZER_NUMBER_OBJECT_CONVERSION = YES_AGGRESSIVE;
				CLANG_CXX_LANGUAGE_STANDARD = "gnu++14";
				CLANG_CXX_LIBRARY = "libc++";
				CLANG_ENABLE_MODULES = YES;
				CLANG_ENABLE_OBJC_ARC = YES;
				CLANG_ENABLE_OBJC_WEAK = YES;
				CLANG_WARN_BLOCK_CAPTURE_AUTORELEASING = YES;
				CLANG_WARN_BOOL_CONVERSION = YES;
				CLANG_WARN_COMMA = YES;
				CLANG_WARN_CONSTANT_CONVERSION = YES;
				CLANG_WARN_DEPRECATED_OBJC_IMPLEMENTATIONS = YES;
				CLANG_WARN_DIRECT_OBJC_ISA_USAGE = YES_ERROR;
				CLANG_WARN_DOCUMENTATION_COMMENTS = YES;
				CLANG_WARN_EMPTY_BODY = YES;
				CLANG_WARN_ENUM_CONVERSION = YES;
				CLANG_WARN_INFINITE_RECURSION = YES;
				CLANG_WARN_INT_CONVERSION = YES;
				CLANG_WARN_NON_LITERAL_NULL_CONVERSION = YES;
				CLANG_WARN_OBJC_IMPLICIT_RETAIN_SELF = YES;
				CLANG_WARN_OBJC_LITERAL_CONVERSION = YES;
				CLANG_WARN_OBJC_ROOT_CLASS = YES_ERROR;
				CLANG_WARN_RANGE_LOOP_ANALYSIS = YES;
				CLANG_WARN_STRICT_PROTOTYPES = YES;
				CLANG_WARN_SUSPICIOUS_MOVE = YES;
				CLANG_WARN_UNGUARDED_AVAILABILITY = YES_AGGRESSIVE;
				CLANG_WARN_UNREACHABLE_CODE = YES;
				CLANG_WARN__DUPLICATE_METHOD_MATCH = YES;
				CODE_SIGN_IDENTITY = "iPhone Developer";
				COPY_PHASE_STRIP = NO;
				DEBUG_INFORMATION_FORMAT = dwarf;
				ENABLE_STRICT_OBJC_MSGSEND = YES;
				ENABLE_TESTABILITY = YES;
				GCC_C_LANGUAGE_STANDARD = gnu11;
				GCC_DYNAMIC_NO_PIC = NO;
				GCC_NO_COMMON_BLOCKS = YES;
				GCC_OPTIMIZATION_LEVEL = 0;
				GCC_PREPROCESSOR_DEFINITIONS = (
					"DEBUG=1",
					"$(inherited)",
				);
				GCC_WARN_64_TO_32_BIT_CONVERSION = YES;
				GCC_WARN_ABOUT_RETURN_TYPE = YES_ERROR;
				GCC_WARN_UNDECLARED_SELECTOR = YES;
				GCC_WARN_UNINITIALIZED_AUTOS = YES_AGGRESSIVE;
				GCC_WARN_UNUSED_FUNCTION = YES;
				GCC_WARN_UNUSED_VARIABLE = YES;
				IPHONEOS_DEPLOYMENT_TARGET = 12.4;
				MTL_ENABLE_DEBUG_INFO = INCLUDE_SOURCE;
				MTL_FAST_MATH = YES;
				ONLY_ACTIVE_ARCH = YES;
				SDKROOT = iphoneos;
				SWIFT_ACTIVE_COMPILATION_CONDITIONS = DEBUG;
				SWIFT_OPTIMIZATION_LEVEL = "-Onone";
			};
			name = Debug;
		};
		7FC9168F2333EDD3001CC7C7 /* Release */ = {
			isa = XCBuildConfiguration;
			buildSettings = {
				ALWAYS_SEARCH_USER_PATHS = NO;
				CLANG_ANALYZER_NONNULL = YES;
				CLANG_ANALYZER_NUMBER_OBJECT_CONVERSION = YES_AGGRESSIVE;
				CLANG_CXX_LANGUAGE_STANDARD = "gnu++14";
				CLANG_CXX_LIBRARY = "libc++";
				CLANG_ENABLE_MODULES = YES;
				CLANG_ENABLE_OBJC_ARC = YES;
				CLANG_ENABLE_OBJC_WEAK = YES;
				CLANG_WARN_BLOCK_CAPTURE_AUTORELEASING = YES;
				CLANG_WARN_BOOL_CONVERSION = YES;
				CLANG_WARN_COMMA = YES;
				CLANG_WARN_CONSTANT_CONVERSION = YES;
				CLANG_WARN_DEPRECATED_OBJC_IMPLEMENTATIONS = YES;
				CLANG_WARN_DIRECT_OBJC_ISA_USAGE = YES_ERROR;
				CLANG_WARN_DOCUMENTATION_COMMENTS = YES;
				CLANG_WARN_EMPTY_BODY = YES;
				CLANG_WARN_ENUM_CONVERSION = YES;
				CLANG_WARN_INFINITE_RECURSION = YES;
				CLANG_WARN_INT_CONVERSION = YES;
				CLANG_WARN_NON_LITERAL_NULL_CONVERSION = YES;
				CLANG_WARN_OBJC_IMPLICIT_RETAIN_SELF = YES;
				CLANG_WARN_OBJC_LITERAL_CONVERSION = YES;
				CLANG_WARN_OBJC_ROOT_CLASS = YES_ERROR;
				CLANG_WARN_RANGE_LOOP_ANALYSIS = YES;
				CLANG_WARN_STRICT_PROTOTYPES = YES;
				CLANG_WARN_SUSPICIOUS_MOVE = YES;
				CLANG_WARN_UNGUARDED_AVAILABILITY = YES_AGGRESSIVE;
				CLANG_WARN_UNREACHABLE_CODE = YES;
				CLANG_WARN__DUPLICATE_METHOD_MATCH = YES;
				CODE_SIGN_IDENTITY = "iPhone Developer";
				COPY_PHASE_STRIP = NO;
				DEBUG_INFORMATION_FORMAT = "dwarf-with-dsym";
				ENABLE_NS_ASSERTIONS = NO;
				ENABLE_STRICT_OBJC_MSGSEND = YES;
				GCC_C_LANGUAGE_STANDARD = gnu11;
				GCC_NO_COMMON_BLOCKS = YES;
				GCC_WARN_64_TO_32_BIT_CONVERSION = YES;
				GCC_WARN_ABOUT_RETURN_TYPE = YES_ERROR;
				GCC_WARN_UNDECLARED_SELECTOR = YES;
				GCC_WARN_UNINITIALIZED_AUTOS = YES_AGGRESSIVE;
				GCC_WARN_UNUSED_FUNCTION = YES;
				GCC_WARN_UNUSED_VARIABLE = YES;
				IPHONEOS_DEPLOYMENT_TARGET = 12.4;
				MTL_ENABLE_DEBUG_INFO = NO;
				MTL_FAST_MATH = YES;
				SDKROOT = iphoneos;
				SWIFT_COMPILATION_MODE = wholemodule;
				SWIFT_OPTIMIZATION_LEVEL = "-O";
				VALIDATE_PRODUCT = YES;
			};
			name = Release;
		};
		7FC916912333EDD3001CC7C7 /* Debug */ = {
			isa = XCBuildConfiguration;
			buildSettings = {
				ASSETCATALOG_COMPILER_APPICON_NAME = AppIcon;
				CODE_SIGN_STYLE = Automatic;
				DEVELOPMENT_TEAM = BH9BS3QV7C;
				INFOPLIST_FILE = MarkeyCancerApp/Info.plist;
				LD_RUNPATH_SEARCH_PATHS = (
					"$(inherited)",
					"@executable_path/Frameworks",
				);
				PRODUCT_BUNDLE_IDENTIFIER = MarkeyCancer.MarkeyCancerApp;
				PRODUCT_NAME = "$(TARGET_NAME)";
				SWIFT_VERSION = 5.0;
				TARGETED_DEVICE_FAMILY = "1,2";
			};
			name = Debug;
		};
		7FC916922333EDD3001CC7C7 /* Release */ = {
			isa = XCBuildConfiguration;
			buildSettings = {
				ASSETCATALOG_COMPILER_APPICON_NAME = AppIcon;
				CODE_SIGN_STYLE = Automatic;
				DEVELOPMENT_TEAM = BH9BS3QV7C;
				INFOPLIST_FILE = MarkeyCancerApp/Info.plist;
				LD_RUNPATH_SEARCH_PATHS = (
					"$(inherited)",
					"@executable_path/Frameworks",
				);
				PRODUCT_BUNDLE_IDENTIFIER = MarkeyCancer.MarkeyCancerApp;
				PRODUCT_NAME = "$(TARGET_NAME)";
				SWIFT_VERSION = 5.0;
				TARGETED_DEVICE_FAMILY = "1,2";
			};
			name = Release;
		};
		7FC916942333EDD3001CC7C7 /* Debug */ = {
			isa = XCBuildConfiguration;
			buildSettings = {
				ALWAYS_EMBED_SWIFT_STANDARD_LIBRARIES = YES;
				BUNDLE_LOADER = "$(TEST_HOST)";
				CODE_SIGN_STYLE = Automatic;
				INFOPLIST_FILE = MarkeyCancerAppTests/Info.plist;
				LD_RUNPATH_SEARCH_PATHS = (
					"$(inherited)",
					"@executable_path/Frameworks",
					"@loader_path/Frameworks",
				);
				PRODUCT_BUNDLE_IDENTIFIER = MarkeyCancer.MarkeyCancerAppTests;
				PRODUCT_NAME = "$(TARGET_NAME)";
				SWIFT_VERSION = 5.0;
				TARGETED_DEVICE_FAMILY = "1,2";
				TEST_HOST = "$(BUILT_PRODUCTS_DIR)/MarkeyCancerApp.app/MarkeyCancerApp";
			};
			name = Debug;
		};
		7FC916952333EDD3001CC7C7 /* Release */ = {
			isa = XCBuildConfiguration;
			buildSettings = {
				ALWAYS_EMBED_SWIFT_STANDARD_LIBRARIES = YES;
				BUNDLE_LOADER = "$(TEST_HOST)";
				CODE_SIGN_STYLE = Automatic;
				INFOPLIST_FILE = MarkeyCancerAppTests/Info.plist;
				LD_RUNPATH_SEARCH_PATHS = (
					"$(inherited)",
					"@executable_path/Frameworks",
					"@loader_path/Frameworks",
				);
				PRODUCT_BUNDLE_IDENTIFIER = MarkeyCancer.MarkeyCancerAppTests;
				PRODUCT_NAME = "$(TARGET_NAME)";
				SWIFT_VERSION = 5.0;
				TARGETED_DEVICE_FAMILY = "1,2";
				TEST_HOST = "$(BUILT_PRODUCTS_DIR)/MarkeyCancerApp.app/MarkeyCancerApp";
			};
			name = Release;
		};
		7FC916972333EDD3001CC7C7 /* Debug */ = {
			isa = XCBuildConfiguration;
			buildSettings = {
				ALWAYS_EMBED_SWIFT_STANDARD_LIBRARIES = YES;
				CODE_SIGN_STYLE = Automatic;
				INFOPLIST_FILE = MarkeyCancerAppUITests/Info.plist;
				LD_RUNPATH_SEARCH_PATHS = (
					"$(inherited)",
					"@executable_path/Frameworks",
					"@loader_path/Frameworks",
				);
				PRODUCT_BUNDLE_IDENTIFIER = MarkeyCancer.MarkeyCancerAppUITests;
				PRODUCT_NAME = "$(TARGET_NAME)";
				SWIFT_VERSION = 5.0;
				TARGETED_DEVICE_FAMILY = "1,2";
				TEST_TARGET_NAME = MarkeyCancerApp;
			};
			name = Debug;
		};
		7FC916982333EDD3001CC7C7 /* Release */ = {
			isa = XCBuildConfiguration;
			buildSettings = {
				ALWAYS_EMBED_SWIFT_STANDARD_LIBRARIES = YES;
				CODE_SIGN_STYLE = Automatic;
				INFOPLIST_FILE = MarkeyCancerAppUITests/Info.plist;
				LD_RUNPATH_SEARCH_PATHS = (
					"$(inherited)",
					"@executable_path/Frameworks",
					"@loader_path/Frameworks",
				);
				PRODUCT_BUNDLE_IDENTIFIER = MarkeyCancer.MarkeyCancerAppUITests;
				PRODUCT_NAME = "$(TARGET_NAME)";
				SWIFT_VERSION = 5.0;
				TARGETED_DEVICE_FAMILY = "1,2";
				TEST_TARGET_NAME = MarkeyCancerApp;
			};
			name = Release;
		};
/* End XCBuildConfiguration section */

/* Begin XCConfigurationList section */
		7FC916602333EDD3001CC7C7 /* Build configuration list for PBXProject "MarkeyCancerApp" */ = {
			isa = XCConfigurationList;
			buildConfigurations = (
				7FC9168E2333EDD3001CC7C7 /* Debug */,
				7FC9168F2333EDD3001CC7C7 /* Release */,
			);
			defaultConfigurationIsVisible = 0;
			defaultConfigurationName = Release;
		};
		7FC916902333EDD3001CC7C7 /* Build configuration list for PBXNativeTarget "MarkeyCancerApp" */ = {
			isa = XCConfigurationList;
			buildConfigurations = (
				7FC916912333EDD3001CC7C7 /* Debug */,
				7FC916922333EDD3001CC7C7 /* Release */,
			);
			defaultConfigurationIsVisible = 0;
			defaultConfigurationName = Release;
		};
		7FC916932333EDD3001CC7C7 /* Build configuration list for PBXNativeTarget "MarkeyCancerAppTests" */ = {
			isa = XCConfigurationList;
			buildConfigurations = (
				7FC916942333EDD3001CC7C7 /* Debug */,
				7FC916952333EDD3001CC7C7 /* Release */,
			);
			defaultConfigurationIsVisible = 0;
			defaultConfigurationName = Release;
		};
		7FC916962333EDD3001CC7C7 /* Build configuration list for PBXNativeTarget "MarkeyCancerAppUITests" */ = {
			isa = XCConfigurationList;
			buildConfigurations = (
				7FC916972333EDD3001CC7C7 /* Debug */,
				7FC916982333EDD3001CC7C7 /* Release */,
			);
			defaultConfigurationIsVisible = 0;
			defaultConfigurationName = Release;
		};
/* End XCConfigurationList section */

/* Begin XCVersionGroup section */
		7FC9166F2333EDD3001CC7C7 /* MarkeyCancerApp.xcdatamodeld */ = {
			isa = XCVersionGroup;
			children = (
				7FC916702333EDD3001CC7C7 /* MarkeyCancerApp.xcdatamodel */,
			);
			currentVersion = 7FC916702333EDD3001CC7C7 /* MarkeyCancerApp.xcdatamodel */;
			path = MarkeyCancerApp.xcdatamodeld;
			sourceTree = "<group>";
			versionGroupType = wrapper.xcdatamodel;
		};
/* End XCVersionGroup section */
	};
	rootObject = 7FC9165D2333EDD3001CC7C7 /* Project object */;
}
