// !$*UTF8*$!
{
	archiveVersion = 1;
	classes = {
	};
	objectVersion = 50;
	objects = {

/* Begin PBXBuildFile section */
		3DDDBFB323459C5E00BC1BED /* patientPage.swift in Sources */ = {isa = PBXBuildFile; fileRef = 3DDDBFB223459C5E00BC1BED /* patientPage.swift */; };
		B75760A4233FC74D00ABC954 /* AppDelegate.swift in Sources */ = {isa = PBXBuildFile; fileRef = B75760A3233FC74D00ABC954 /* AppDelegate.swift */; };
		B75760A6233FC74D00ABC954 /* SceneDelegate.swift in Sources */ = {isa = PBXBuildFile; fileRef = B75760A5233FC74D00ABC954 /* SceneDelegate.swift */; };
		B75760A8233FC74D00ABC954 /* ViewController.swift in Sources */ = {isa = PBXBuildFile; fileRef = B75760A7233FC74D00ABC954 /* ViewController.swift */; };
		B75760AB233FC74D00ABC954 /* Main.storyboard in Resources */ = {isa = PBXBuildFile; fileRef = B75760A9233FC74D00ABC954 /* Main.storyboard */; };
		B75760AE233FC74D00ABC954 /* MarkeyApp.xcdatamodeld in Sources */ = {isa = PBXBuildFile; fileRef = B75760AC233FC74D00ABC954 /* MarkeyApp.xcdatamodeld */; };
		B75760B0233FC74E00ABC954 /* Assets.xcassets in Resources */ = {isa = PBXBuildFile; fileRef = B75760AF233FC74E00ABC954 /* Assets.xcassets */; };
		B75760B3233FC74E00ABC954 /* LaunchScreen.storyboard in Resources */ = {isa = PBXBuildFile; fileRef = B75760B1233FC74E00ABC954 /* LaunchScreen.storyboard */; };
/* End PBXBuildFile section */

/* Begin PBXFileReference section */
		3DDDBFB223459C5E00BC1BED /* patientPage.swift */ = {isa = PBXFileReference; lastKnownFileType = sourcecode.swift; path = patientPage.swift; sourceTree = "<group>"; };
		B75760A0233FC74D00ABC954 /* MarkeyApp.app */ = {isa = PBXFileReference; explicitFileType = wrapper.application; includeInIndex = 0; path = MarkeyApp.app; sourceTree = BUILT_PRODUCTS_DIR; };
		B75760A3233FC74D00ABC954 /* AppDelegate.swift */ = {isa = PBXFileReference; lastKnownFileType = sourcecode.swift; path = AppDelegate.swift; sourceTree = "<group>"; };
		B75760A5233FC74D00ABC954 /* SceneDelegate.swift */ = {isa = PBXFileReference; lastKnownFileType = sourcecode.swift; path = SceneDelegate.swift; sourceTree = "<group>"; };
		B75760A7233FC74D00ABC954 /* ViewController.swift */ = {isa = PBXFileReference; lastKnownFileType = sourcecode.swift; path = ViewController.swift; sourceTree = "<group>"; };
		B75760AA233FC74D00ABC954 /* Base */ = {isa = PBXFileReference; lastKnownFileType = file.storyboard; name = Base; path = Base.lproj/Main.storyboard; sourceTree = "<group>"; };
		B75760AD233FC74D00ABC954 /* MarkeyApp.xcdatamodel */ = {isa = PBXFileReference; lastKnownFileType = wrapper.xcdatamodel; path = MarkeyApp.xcdatamodel; sourceTree = "<group>"; };
		B75760AF233FC74E00ABC954 /* Assets.xcassets */ = {isa = PBXFileReference; lastKnownFileType = folder.assetcatalog; path = Assets.xcassets; sourceTree = "<group>"; };
		B75760B2233FC74E00ABC954 /* Base */ = {isa = PBXFileReference; lastKnownFileType = file.storyboard; name = Base; path = Base.lproj/LaunchScreen.storyboard; sourceTree = "<group>"; };
		B75760B4233FC74E00ABC954 /* Info.plist */ = {isa = PBXFileReference; lastKnownFileType = text.plist.xml; path = Info.plist; sourceTree = "<group>"; };
/* End PBXFileReference section */

/* Begin PBXFrameworksBuildPhase section */
		B757609D233FC74D00ABC954 /* Frameworks */ = {
			isa = PBXFrameworksBuildPhase;
			buildActionMask = 2147483647;
			files = (
			);
			runOnlyForDeploymentPostprocessing = 0;
		};
/* End PBXFrameworksBuildPhase section */

/* Begin PBXGroup section */
		B7576097233FC74D00ABC954 = {
			isa = PBXGroup;
			children = (
				B75760A2233FC74D00ABC954 /* MarkeyApp */,
				B75760A1233FC74D00ABC954 /* Products */,
			);
			sourceTree = "<group>";
		};
		B75760A1233FC74D00ABC954 /* Products */ = {
			isa = PBXGroup;
			children = (
				B75760A0233FC74D00ABC954 /* MarkeyApp.app */,
			);
			name = Products;
			sourceTree = "<group>";
		};
		B75760A2233FC74D00ABC954 /* MarkeyApp */ = {
			isa = PBXGroup;
			children = (
				B75760A3233FC74D00ABC954 /* AppDelegate.swift */,
				B75760A5233FC74D00ABC954 /* SceneDelegate.swift */,
				B75760A7233FC74D00ABC954 /* ViewController.swift */,
				3DDDBFB223459C5E00BC1BED /* patientPage.swift */,
				B75760A9233FC74D00ABC954 /* Main.storyboard */,
				B75760AF233FC74E00ABC954 /* Assets.xcassets */,
				B75760B1233FC74E00ABC954 /* LaunchScreen.storyboard */,
				B75760B4233FC74E00ABC954 /* Info.plist */,
				B75760AC233FC74D00ABC954 /* MarkeyApp.xcdatamodeld */,
			);
			path = MarkeyApp;
			sourceTree = "<group>";
		};
/* End PBXGroup section */

/* Begin PBXNativeTarget section */
		B757609F233FC74D00ABC954 /* MarkeyApp */ = {
			isa = PBXNativeTarget;
			buildConfigurationList = B75760B7233FC74E00ABC954 /* Build configuration list for PBXNativeTarget "MarkeyApp" */;
			buildPhases = (
				B757609C233FC74D00ABC954 /* Sources */,
				B757609D233FC74D00ABC954 /* Frameworks */,
				B757609E233FC74D00ABC954 /* Resources */,
			);
			buildRules = (
			);
			dependencies = (
			);
			name = MarkeyApp;
			productName = MarkeyApp;
			productReference = B75760A0233FC74D00ABC954 /* MarkeyApp.app */;
			productType = "com.apple.product-type.application";
		};
/* End PBXNativeTarget section */

/* Begin PBXProject section */
		B7576098233FC74D00ABC954 /* Project object */ = {
			isa = PBXProject;
			attributes = {
				LastSwiftUpdateCheck = 1100;
				LastUpgradeCheck = 1100;
				ORGANIZATIONNAME = MarkeyCenter;
				TargetAttributes = {
					B757609F233FC74D00ABC954 = {
						CreatedOnToolsVersion = 11.0;
					};
				};
			};
			buildConfigurationList = B757609B233FC74D00ABC954 /* Build configuration list for PBXProject "MarkeyApp" */;
			compatibilityVersion = "Xcode 9.3";
			developmentRegion = en;
			hasScannedForEncodings = 0;
			knownRegions = (
				en,
				Base,
			);
			mainGroup = B7576097233FC74D00ABC954;
			productRefGroup = B75760A1233FC74D00ABC954 /* Products */;
			projectDirPath = "";
			projectRoot = "";
			targets = (
				B757609F233FC74D00ABC954 /* MarkeyApp */,
			);
		};
/* End PBXProject section */

/* Begin PBXResourcesBuildPhase section */
		B757609E233FC74D00ABC954 /* Resources */ = {
			isa = PBXResourcesBuildPhase;
			buildActionMask = 2147483647;
			files = (
				B75760B3233FC74E00ABC954 /* LaunchScreen.storyboard in Resources */,
				B75760B0233FC74E00ABC954 /* Assets.xcassets in Resources */,
				B75760AB233FC74D00ABC954 /* Main.storyboard in Resources */,
			);
			runOnlyForDeploymentPostprocessing = 0;
		};
/* End PBXResourcesBuildPhase section */

/* Begin PBXSourcesBuildPhase section */
		B757609C233FC74D00ABC954 /* Sources */ = {
			isa = PBXSourcesBuildPhase;
			buildActionMask = 2147483647;
			files = (
				B75760AE233FC74D00ABC954 /* MarkeyApp.xcdatamodeld in Sources */,
				B75760A8233FC74D00ABC954 /* ViewController.swift in Sources */,
				B75760A4233FC74D00ABC954 /* AppDelegate.swift in Sources */,
				B75760A6233FC74D00ABC954 /* SceneDelegate.swift in Sources */,
				3DDDBFB323459C5E00BC1BED /* patientPage.swift in Sources */,
			);
			runOnlyForDeploymentPostprocessing = 0;
		};
/* End PBXSourcesBuildPhase section */

/* Begin PBXVariantGroup section */
		B75760A9233FC74D00ABC954 /* Main.storyboard */ = {
			isa = PBXVariantGroup;
			children = (
				B75760AA233FC74D00ABC954 /* Base */,
			);
			name = Main.storyboard;
			sourceTree = "<group>";
		};
		B75760B1233FC74E00ABC954 /* LaunchScreen.storyboard */ = {
			isa = PBXVariantGroup;
			children = (
				B75760B2233FC74E00ABC954 /* Base */,
			);
			name = LaunchScreen.storyboard;
			sourceTree = "<group>";
		};
/* End PBXVariantGroup section */

/* Begin XCBuildConfiguration section */
		B75760B5233FC74E00ABC954 /* Debug */ = {
			isa = XCBuildConfiguration;
			buildSettings = {
				ALWAYS_SEARCH_USER_PATHS = NO;
				CLANG_ANALYZER_NONNULL = YES;
				CLANG_ANALYZER_NUMBER_OBJECT_CONVERSION = YES_AGGRESSIVE;
				CLANG_CXX_LANGUAGE_STANDARD = "gnu++14";
				CLANG_CXX_LIBRARY = "libc++";
				CLANG_ENABLE_MODULES = YES;
				CLANG_ENABLE_OBJC_ARC = YES;
				CLANG_ENABLE_OBJC_WEAK = YES;
				CLANG_WARN_BLOCK_CAPTURE_AUTORELEASING = YES;
				CLANG_WARN_BOOL_CONVERSION = YES;
				CLANG_WARN_COMMA = YES;
				CLANG_WARN_CONSTANT_CONVERSION = YES;
				CLANG_WARN_DEPRECATED_OBJC_IMPLEMENTATIONS = YES;
				CLANG_WARN_DIRECT_OBJC_ISA_USAGE = YES_ERROR;
				CLANG_WARN_DOCUMENTATION_COMMENTS = YES;
				CLANG_WARN_EMPTY_BODY = YES;
				CLANG_WARN_ENUM_CONVERSION = YES;
				CLANG_WARN_INFINITE_RECURSION = YES;
				CLANG_WARN_INT_CONVERSION = YES;
				CLANG_WARN_NON_LITERAL_NULL_CONVERSION = YES;
				CLANG_WARN_OBJC_IMPLICIT_RETAIN_SELF = YES;
				CLANG_WARN_OBJC_LITERAL_CONVERSION = YES;
				CLANG_WARN_OBJC_ROOT_CLASS = YES_ERROR;
				CLANG_WARN_RANGE_LOOP_ANALYSIS = YES;
				CLANG_WARN_STRICT_PROTOTYPES = YES;
				CLANG_WARN_SUSPICIOUS_MOVE = YES;
				CLANG_WARN_UNGUARDED_AVAILABILITY = YES_AGGRESSIVE;
				CLANG_WARN_UNREACHABLE_CODE = YES;
				CLANG_WARN__DUPLICATE_METHOD_MATCH = YES;
				COPY_PHASE_STRIP = NO;
				DEBUG_INFORMATION_FORMAT = dwarf;
				ENABLE_STRICT_OBJC_MSGSEND = YES;
				ENABLE_TESTABILITY = YES;
				GCC_C_LANGUAGE_STANDARD = gnu11;
				GCC_DYNAMIC_NO_PIC = NO;
				GCC_NO_COMMON_BLOCKS = YES;
				GCC_OPTIMIZATION_LEVEL = 0;
				GCC_PREPROCESSOR_DEFINITIONS = (
					"DEBUG=1",
					"$(inherited)",
				);
				GCC_WARN_64_TO_32_BIT_CONVERSION = YES;
				GCC_WARN_ABOUT_RETURN_TYPE = YES_ERROR;
				GCC_WARN_UNDECLARED_SELECTOR = YES;
				GCC_WARN_UNINITIALIZED_AUTOS = YES_AGGRESSIVE;
				GCC_WARN_UNUSED_FUNCTION = YES;
				GCC_WARN_UNUSED_VARIABLE = YES;
				IPHONEOS_DEPLOYMENT_TARGET = 13.0;
				MTL_ENABLE_DEBUG_INFO = INCLUDE_SOURCE;
				MTL_FAST_MATH = YES;
				ONLY_ACTIVE_ARCH = YES;
				SDKROOT = iphoneos;
				SWIFT_ACTIVE_COMPILATION_CONDITIONS = DEBUG;
				SWIFT_OPTIMIZATION_LEVEL = "-Onone";
			};
			name = Debug;
		};
		B75760B6233FC74E00ABC954 /* Release */ = {
			isa = XCBuildConfiguration;
			buildSettings = {
				ALWAYS_SEARCH_USER_PATHS = NO;
				CLANG_ANALYZER_NONNULL = YES;
				CLANG_ANALYZER_NUMBER_OBJECT_CONVERSION = YES_AGGRESSIVE;
				CLANG_CXX_LANGUAGE_STANDARD = "gnu++14";
				CLANG_CXX_LIBRARY = "libc++";
				CLANG_ENABLE_MODULES = YES;
				CLANG_ENABLE_OBJC_ARC = YES;
				CLANG_ENABLE_OBJC_WEAK = YES;
				CLANG_WARN_BLOCK_CAPTURE_AUTORELEASING = YES;
				CLANG_WARN_BOOL_CONVERSION = YES;
				CLANG_WARN_COMMA = YES;
				CLANG_WARN_CONSTANT_CONVERSION = YES;
				CLANG_WARN_DEPRECATED_OBJC_IMPLEMENTATIONS = YES;
				CLANG_WARN_DIRECT_OBJC_ISA_USAGE = YES_ERROR;
				CLANG_WARN_DOCUMENTATION_COMMENTS = YES;
				CLANG_WARN_EMPTY_BODY = YES;
				CLANG_WARN_ENUM_CONVERSION = YES;
				CLANG_WARN_INFINITE_RECURSION = YES;
				CLANG_WARN_INT_CONVERSION = YES;
				CLANG_WARN_NON_LITERAL_NULL_CONVERSION = YES;
				CLANG_WARN_OBJC_IMPLICIT_RETAIN_SELF = YES;
				CLANG_WARN_OBJC_LITERAL_CONVERSION = YES;
				CLANG_WARN_OBJC_ROOT_CLASS = YES_ERROR;
				CLANG_WARN_RANGE_LOOP_ANALYSIS = YES;
				CLANG_WARN_STRICT_PROTOTYPES = YES;
				CLANG_WARN_SUSPICIOUS_MOVE = YES;
				CLANG_WARN_UNGUARDED_AVAILABILITY = YES_AGGRESSIVE;
				CLANG_WARN_UNREACHABLE_CODE = YES;
				CLANG_WARN__DUPLICATE_METHOD_MATCH = YES;
				COPY_PHASE_STRIP = NO;
				DEBUG_INFORMATION_FORMAT = "dwarf-with-dsym";
				ENABLE_NS_ASSERTIONS = NO;
				ENABLE_STRICT_OBJC_MSGSEND = YES;
				GCC_C_LANGUAGE_STANDARD = gnu11;
				GCC_NO_COMMON_BLOCKS = YES;
				GCC_WARN_64_TO_32_BIT_CONVERSION = YES;
				GCC_WARN_ABOUT_RETURN_TYPE = YES_ERROR;
				GCC_WARN_UNDECLARED_SELECTOR = YES;
				GCC_WARN_UNINITIALIZED_AUTOS = YES_AGGRESSIVE;
				GCC_WARN_UNUSED_FUNCTION = YES;
				GCC_WARN_UNUSED_VARIABLE = YES;
				IPHONEOS_DEPLOYMENT_TARGET = 13.0;
				MTL_ENABLE_DEBUG_INFO = NO;
				MTL_FAST_MATH = YES;
				SDKROOT = iphoneos;
				SWIFT_COMPILATION_MODE = wholemodule;
				SWIFT_OPTIMIZATION_LEVEL = "-O";
				VALIDATE_PRODUCT = YES;
			};
			name = Release;
		};
		B75760B8233FC74E00ABC954 /* Debug */ = {
			isa = XCBuildConfiguration;
			buildSettings = {
				ASSETCATALOG_COMPILER_APPICON_NAME = AppIcon;
				CODE_SIGN_STYLE = Automatic;
				DEVELOPMENT_TEAM = BH9BS3QV7C;
				INFOPLIST_FILE = MarkeyApp/Info.plist;
				LD_RUNPATH_SEARCH_PATHS = (
					"$(inherited)",
					"@executable_path/Frameworks",
				);
				PRODUCT_BUNDLE_IDENTIFIER = MarkeyCenter.MarkeyApp;
				PRODUCT_NAME = "$(TARGET_NAME)";
				SWIFT_VERSION = 5.0;
				TARGETED_DEVICE_FAMILY = "1,2";
			};
			name = Debug;
		};
		B75760B9233FC74E00ABC954 /* Release */ = {
			isa = XCBuildConfiguration;
			buildSettings = {
				ASSETCATALOG_COMPILER_APPICON_NAME = AppIcon;
				CODE_SIGN_STYLE = Automatic;
				DEVELOPMENT_TEAM = BH9BS3QV7C;
				INFOPLIST_FILE = MarkeyApp/Info.plist;
				LD_RUNPATH_SEARCH_PATHS = (
					"$(inherited)",
					"@executable_path/Frameworks",
				);
				PRODUCT_BUNDLE_IDENTIFIER = MarkeyCenter.MarkeyApp;
				PRODUCT_NAME = "$(TARGET_NAME)";
				SWIFT_VERSION = 5.0;
				TARGETED_DEVICE_FAMILY = "1,2";
			};
			name = Release;
		};
/* End XCBuildConfiguration section */

/* Begin XCConfigurationList section */
		B757609B233FC74D00ABC954 /* Build configuration list for PBXProject "MarkeyApp" */ = {
			isa = XCConfigurationList;
			buildConfigurations = (
				B75760B5233FC74E00ABC954 /* Debug */,
				B75760B6233FC74E00ABC954 /* Release */,
			);
			defaultConfigurationIsVisible = 0;
			defaultConfigurationName = Release;
		};
		B75760B7233FC74E00ABC954 /* Build configuration list for PBXNativeTarget "MarkeyApp" */ = {
			isa = XCConfigurationList;
			buildConfigurations = (
				B75760B8233FC74E00ABC954 /* Debug */,
				B75760B9233FC74E00ABC954 /* Release */,
			);
			defaultConfigurationIsVisible = 0;
			defaultConfigurationName = Release;
		};
/* End XCConfigurationList section */

/* Begin XCVersionGroup section */
		B75760AC233FC74D00ABC954 /* MarkeyApp.xcdatamodeld */ = {
			isa = XCVersionGroup;
			children = (
				B75760AD233FC74D00ABC954 /* MarkeyApp.xcdatamodel */,
			);
			currentVersion = B75760AD233FC74D00ABC954 /* MarkeyApp.xcdatamodel */;
			path = MarkeyApp.xcdatamodeld;
			sourceTree = "<group>";
			versionGroupType = wrapper.xcdatamodel;
		};
/* End XCVersionGroup section */
	};
	rootObject = B7576098233FC74D00ABC954 /* Project object */;
}
